{
  "requires": true,
  "lockfileVersion": 1,
  "dependencies": {
    "@ngrx/router-store": {
      "version": "8.2.0",
      "resolved": "https://registry.npmjs.org/@ngrx/router-store/-/router-store-8.2.0.tgz",
      "integrity": "sha512-WkSeutjx44V1jKAa9N6LNVJk7seS4dpKC09OpnDNipu7ssIhEtW8QXplJ2t5VIU+JknAzWZOk5IYqhfxHjJnNA=="
    },
    "@ngrx/store-devtools": {
      "version": "8.2.0",
      "resolved": "https://registry.npmjs.org/@ngrx/store-devtools/-/store-devtools-8.2.0.tgz",
      "integrity": "sha512-zNz9B641Jz8cGqaO6M7myXLkYDEUrdnLipzHuvn/dxbswxJrcaWsGUbb+5cCXCzbcoy2c8DKEHouFqPwKX86WQ=="
    }
  }
}
